
Microsoft Visual Studio Solution File, Format Version 12.00
# Visual Studio Version 16
VisualStudioVersion = 16.0.30413.136
MinimumVisualStudioVersion = 10.0.40219.1
Project("{8BC9CEB8-8B4A-11D0-8D11-00A0C91BC942}") = "02.11.20", "02.11.20.vcxproj", "{F695B64B-37C5-4377-A080-36853CDAD3C0}"
EndProject
Global
	GlobalSection(SolutionConfigurationPlatforms) = preSolution
		Debug|x64 = Debug|x64
		Debug|x86 = Debug|x86
		Release|x64 = Release|x64
		Release|x86 = Release|x86
	EndGlobalSection
	GlobalSection(ProjectConfigurationPlatforms) = postSolution
		{F695B64B-37C5-4377-A080-36853CDAD3C0}.Debug|x64.ActiveCfg = Debug|x64
		{F695B64B-37C5-4377-A080-36853CDAD3C0}.Debug|x64.Build.0 = Debug|x64
		{F695B64B-37C5-4377-A080-36853CDAD3C0}.Debug|x86.ActiveCfg = Debug|Win32
		{F695B64B-37C5-4377-A080-36853CDAD3C0}.Debug|x86.Build.0 = Debug|Win32
		{F695B64B-37C5-4377-A080-36853CDAD3C0}.Release|x64.ActiveCfg = Release|x64
		{F695B64B-37C5-4377-A080-36853CDAD3C0}.Release|x64.Build.0 = Release|x64
		{F695B64B-37C5-4377-A080-36853CDAD3C0}.Release|x86.ActiveCfg = Release|Win32
		{F695B64B-37C5-4377-A080-36853CDAD3C0}.Release|x86.Build.0 = Release|Win32
	EndGlobalSection
	GlobalSection(SolutionProperties) = preSolution
		HideSolutionNode = FALSE
	EndGlobalSection
	GlobalSection(ExtensibilityGlobals) = postSolution
		SolutionGuid = {8210DA5A-687D-49A9-9EFE-9485272510A4}
	EndGlobalSection
EndGlobal
